# This file is autogenerated, do not edit; changes may be undone by the next 'dep ensure'.


[[projects]]
  digest = "1:55388fd080150b9a072912f97b1f5891eb0b50df43401f8b75fb4273d3fec9fc"
  name = "github.com/Masterminds/semver"
  packages = ["."]
  pruneopts = "UT"
  revision = "c7af12943936e8c39859482e61f0574c2fd7fc75"
  version = "v1.4.2"

[[projects]]
  digest = "1:dbe4c63d0071bcb2d2a7f251e9c4f7a6b4effff13de90a7957c25a8d4ae965b4"
  name = "github.com/aws/aws-sdk-go"
  packages = [
    "aws",
    "aws/awserr",
    "aws/awsutil",
    "aws/client/metadata",
    "aws/credentials",
    "aws/endpoints",
    "aws/request",
    "aws/signer/v4",
    "internal/ini",
    "internal/sdkio",
    "internal/shareddefaults",
    "private/protocol",
    "private/protocol/rest",
  ]
  pruneopts = "UT"
  revision = "130e7e7f5cfa00e267b884bd2772ae986f9e8273"
  version = "v1.16.30"

[[projects]]
  branch = "master"
  digest = "1:9b310426bd0f76fd54a339e66f1b625556ad44bd4071dec220b653bcf767d2af"
  name = "github.com/cloudfoundry-community/go-cfclient"
  packages = ["."]
  pruneopts = "UT"
  revision = "398c9ba6076d734fa8a7bfeaaf833b46e0d71c35"

[[projects]]
  digest = "1:d689318918dac8435731a16f090349f48f3758a3dbe5f967e913185bf264abaf"
  name = "github.com/cloudfoundry-community/go-cfenv"
  packages = ["."]
  pruneopts = "UT"
  revision = "f920e9562d5f951cbf11785728f67258c38a10d0"
  version = "v1.17.0"

[[projects]]
  branch = "master"
  digest = "1:ef4eaf0b9b15b3f5e5afaf6a52303c39d46a9c3b6d13d0d81e4b785002606692"
  name = "github.com/cloudfoundry/gofileutils"
  packages = ["fileutils"]
  pruneopts = "UT"
  revision = "4d0c80011a0f37da1711c184028bc40137cd45af"

[[projects]]
  digest = "1:76dc72490af7174349349838f2fe118996381b31ea83243812a97e5a0fd5ed55"
  name = "github.com/dgrijalva/jwt-go"
  packages = ["."]
  pruneopts = "UT"
  revision = "06ea1031745cb8b3dab3f6a236daf2b0aa468b7e"
  version = "v3.2.0"

[[projects]]
  digest = "1:15042ad3498153684d09f393bbaec6b216c8eec6d61f63dff711de7d64ed8861"
  name = "github.com/golang/protobuf"
  packages = ["proto"]
  pruneopts = "UT"
  revision = "b4deda0973fb4c70b50d226b1af49f3da59f5265"
  version = "v1.1.0"

[[projects]]
  digest = "1:c79fb010be38a59d657c48c6ba1d003a8aa651fa56b579d959d74573b7dff8e1"
  name = "github.com/gorilla/context"
  packages = ["."]
  pruneopts = "UT"
  revision = "08b5f424b9271eedf6f9f0ce86cb9396ed337a42"
  version = "v1.1.1"

[[projects]]
  digest = "1:c6c7d7d1c2a4f9845f37c6f17f83fe1adcb41bebc891b94cd1ef95be1ce6b5e7"
  name = "github.com/gorilla/csrf"
  packages = ["."]
  pruneopts = "UT"
  revision = "05b4a732b984ec326cac085631060968d4706b17"
  version = "v1.5.1"

[[projects]]
  digest = "1:e73f5b0152105f18bc131fba127d9949305c8693f8a762588a82a48f61756f5f"
  name = "github.com/gorilla/mux"
  packages = ["."]
  pruneopts = "UT"
  revision = "e3702bed27f0d39777b0b37b664b6280e8ef8fbf"
  version = "v1.6.2"

[[projects]]
  digest = "1:e72d1ebb8d395cf9f346fd9cbc652e5ae222dd85e0ac842dc57f175abed6d195"
  name = "github.com/gorilla/securecookie"
  packages = ["."]
  pruneopts = "UT"
  revision = "e59506cc896acb7f7bf732d4fdf5e25f7ccd8983"
  version = "v1.1.1"

[[projects]]
  digest = "1:0fe783ea0c04c7d13f7c55d8f74b01b17e18a8320e7deecf578b41ef99b27205"
  name = "github.com/gorilla/sessions"
  packages = ["."]
  pruneopts = "UT"
  revision = "03b6f63cc43ef9c7240a635a5e22b13180e822b8"
  version = "v1.1.1"

[[projects]]
  digest = "1:07c06235decc7aba19ae14d5f631e10f7e48fd79501203c845887d637cbcd308"
  name = "github.com/govau/cf-common"
  packages = [
    "env",
    "uaa",
  ]
  pruneopts = "UT"
  revision = "f85526034745406f35121d889ab195dc307037c2"
  version = "v0.0.6"

[[projects]]
  digest = "1:bb81097a5b62634f3e9fec1014657855610c82d19b9a40c17612e32651e35dca"
  name = "github.com/jmespath/go-jmespath"
  packages = ["."]
  pruneopts = "UT"
  revision = "c2b33e84"

[[projects]]
  branch = "master"
  digest = "1:aa3d8d42865c42626b5c1add193692d045b3188b1479f0a0a88690d21fe20083"
  name = "github.com/mailru/easyjson"
  packages = [
    ".",
    "buffer",
    "jlexer",
    "jwriter",
  ]
  pruneopts = "UT"
  revision = "60711f1a8329503b04e1c88535f419d0bb440bff"

[[projects]]
  branch = "master"
  digest = "1:5ab79470a1d0fb19b041a624415612f8236b3c06070161a910562f2b2d064355"
  name = "github.com/mitchellh/mapstructure"
  packages = ["."]
  pruneopts = "UT"
  revision = "f15292f7a699fcc1a38a80977f80a046874ba8ac"

[[projects]]
  digest = "1:29d64f8d7e127ac9360b0ebbdd0707772e06879ed4b24117ecd3a1c0dc3e18a1"
  name = "github.com/olivere/elastic"
  packages = [
    ".",
    "aws/v4",
    "config",
    "uritemplates",
  ]
  pruneopts = "UT"
  revision = "407a1d940dcc89e279c579eb393d0bdde8fd9ac4"
  version = "v6.2.16"

[[projects]]
  digest = "1:40e195917a951a8bf867cd05de2a46aaf1806c50cf92eebf4c16f78cd196f747"
  name = "github.com/pkg/errors"
  packages = ["."]
  pruneopts = "UT"
  revision = "645ef00459ed84a119197bfb8d8205042c6df63d"
  version = "v0.8.0"

[[projects]]
  branch = "master"
  digest = "1:d6b719875cf8091fbab38527d81d34e71f4521b9ee9ccfbd4a32cff2ac5af96e"
  name = "golang.org/x/net"
  packages = [
    "context",
    "context/ctxhttp",
  ]
  pruneopts = "UT"
  revision = "aaf60122140d3fcf75376d319f0554393160eb50"

[[projects]]
  branch = "master"
  digest = "1:e858a7237f42b683245f2907502505356aaf003f822124c78cd5b742d422b4fa"
  name = "golang.org/x/oauth2"
  packages = [
    ".",
    "clientcredentials",
    "internal",
  ]
  pruneopts = "UT"
  revision = "3d292e4d0cdc3a0113e6d207bb137145ef1de42f"

[[projects]]
  digest = "1:328b5e4f197d928c444a51a75385f4b978915c0e75521f0ad6a3db976c97a7d3"
  name = "google.golang.org/appengine"
  packages = [
    "internal",
    "internal/base",
    "internal/datastore",
    "internal/log",
    "internal/remote_api",
    "internal/urlfetch",
    "urlfetch",
  ]
  pruneopts = "UT"
  revision = "b1f26356af11148e710935ed1ac8a7f5702c7612"
  version = "v1.1.0"

[[projects]]
  branch = "v2"
  digest = "1:342378ac4dcb378a5448dd723f0784ae519383532f5e70ade24132c4c8693202"
  name = "gopkg.in/yaml.v2"
  packages = ["."]
  pruneopts = "UT"
  revision = "5420a8b6744d3b0345ab293f6fcba19c978f1183"

[solve-meta]
  analyzer-name = "dep"
  analyzer-version = 1
  input-imports = [
    "github.com/aws/aws-sdk-go/aws/credentials",
    "github.com/cloudfoundry-community/go-cfclient",
    "github.com/cloudfoundry-community/go-cfenv",
    "github.com/gorilla/csrf",
    "github.com/gorilla/mux",
    "github.com/govau/cf-common/env",
    "github.com/govau/cf-common/uaa",
    "github.com/olivere/elastic",
    "github.com/olivere/elastic/aws/v4",
  ]
  solver-name = "gps-cdcl"
  solver-version = 1
